// !$*UTF8*$!
{
	archiveVersion = 1;
	classes = {
	};
	objectVersion = 55;
	objects = {

/* Begin PBXBuildFile section */
		CDFB44632708A26A005F76CA /* MyRecipeApp_iOSApp.swift in Sources */ = {isa = PBXBuildFile; fileRef = CDFB44622708A26A005F76CA /* MyRecipeApp_iOSApp.swift */; };
		CDFB44652708A26A005F76CA /* ContentView.swift in Sources */ = {isa = PBXBuildFile; fileRef = CDFB44642708A26A005F76CA /* ContentView.swift */; };
		CDFB44672708A26C005F76CA /* Assets.xcassets in Resources */ = {isa = PBXBuildFile; fileRef = CDFB44662708A26C005F76CA /* Assets.xcassets */; };
		CDFB446A2708A26C005F76CA /* Preview Assets.xcassets in Resources */ = {isa = PBXBuildFile; fileRef = CDFB44692708A26C005F76CA /* Preview Assets.xcassets */; };
		CDFB44752708A28E005F76CA /* MyRecipeApp_macOSApp.swift in Sources */ = {isa = PBXBuildFile; fileRef = CDFB44742708A28E005F76CA /* MyRecipeApp_macOSApp.swift */; };
		CDFB44772708A28E005F76CA /* ContentView.swift in Sources */ = {isa = PBXBuildFile; fileRef = CDFB44762708A28E005F76CA /* ContentView.swift */; };
		CDFB44792708A291005F76CA /* Assets.xcassets in Resources */ = {isa = PBXBuildFile; fileRef = CDFB44782708A291005F76CA /* Assets.xcassets */; };
		CDFB447C2708A291005F76CA /* Preview Assets.xcassets in Resources */ = {isa = PBXBuildFile; fileRef = CDFB447B2708A291005F76CA /* Preview Assets.xcassets */; };
		CDFB44842708A2C0005F76CA /* Recipe.swift in Sources */ = {isa = PBXBuildFile; fileRef = CDFB44832708A2C0005F76CA /* Recipe.swift */; };
		CDFB44872708A568005F76CA /* Preview Assets.xcassets in Resources */ = {isa = PBXBuildFile; fileRef = CDFB44862708A568005F76CA /* Preview Assets.xcassets */; };
		CDFB44882708A568005F76CA /* Preview Assets.xcassets in Resources */ = {isa = PBXBuildFile; fileRef = CDFB44862708A568005F76CA /* Preview Assets.xcassets */; };
		CDFB44892708A99D005F76CA /* Recipe.swift in Sources */ = {isa = PBXBuildFile; fileRef = CDFB44832708A2C0005F76CA /* Recipe.swift */; };
		CDFB448C2708AA00005F76CA /* RatingView.swift in Sources */ = {isa = PBXBuildFile; fileRef = CDFB448B2708AA00005F76CA /* RatingView.swift */; };
		CDFB448D2708AA00005F76CA /* RatingView.swift in Sources */ = {isa = PBXBuildFile; fileRef = CDFB448B2708AA00005F76CA /* RatingView.swift */; };
		CDFB448F2708AB71005F76CA /* RecipeListView.swift in Sources */ = {isa = PBXBuildFile; fileRef = CDFB448E2708AB71005F76CA /* RecipeListView.swift */; };
		CDFB44902708AB71005F76CA /* RecipeListView.swift in Sources */ = {isa = PBXBuildFile; fileRef = CDFB448E2708AB71005F76CA /* RecipeListView.swift */; };
		CDFB44942708B720005F76CA /* RecipeDetailView.swift in Sources */ = {isa = PBXBuildFile; fileRef = CDFB44932708B720005F76CA /* RecipeDetailView.swift */; };
		CDFB44952708B720005F76CA /* RecipeDetailView.swift in Sources */ = {isa = PBXBuildFile; fileRef = CDFB44932708B720005F76CA /* RecipeDetailView.swift */; };
/* End PBXBuildFile section */

/* Begin PBXFileReference section */
		CDFB445F2708A26A005F76CA /* MyRecipeApp-iOS.app */ = {isa = PBXFileReference; explicitFileType = wrapper.application; includeInIndex = 0; path = "MyRecipeApp-iOS.app"; sourceTree = BUILT_PRODUCTS_DIR; };
		CDFB44622708A26A005F76CA /* MyRecipeApp_iOSApp.swift */ = {isa = PBXFileReference; lastKnownFileType = sourcecode.swift; path = MyRecipeApp_iOSApp.swift; sourceTree = "<group>"; };
		CDFB44642708A26A005F76CA /* ContentView.swift */ = {isa = PBXFileReference; lastKnownFileType = sourcecode.swift; path = ContentView.swift; sourceTree = "<group>"; };
		CDFB44662708A26C005F76CA /* Assets.xcassets */ = {isa = PBXFileReference; lastKnownFileType = folder.assetcatalog; path = Assets.xcassets; sourceTree = "<group>"; };
		CDFB44692708A26C005F76CA /* Preview Assets.xcassets */ = {isa = PBXFileReference; lastKnownFileType = folder.assetcatalog; path = "Preview Assets.xcassets"; sourceTree = "<group>"; };
		CDFB44722708A28E005F76CA /* MyRecipeApp-macOS.app */ = {isa = PBXFileReference; explicitFileType = wrapper.application; includeInIndex = 0; path = "MyRecipeApp-macOS.app"; sourceTree = BUILT_PRODUCTS_DIR; };
		CDFB44742708A28E005F76CA /* MyRecipeApp_macOSApp.swift */ = {isa = PBXFileReference; lastKnownFileType = sourcecode.swift; path = MyRecipeApp_macOSApp.swift; sourceTree = "<group>"; };
		CDFB44762708A28E005F76CA /* ContentView.swift */ = {isa = PBXFileReference; lastKnownFileType = sourcecode.swift; path = ContentView.swift; sourceTree = "<group>"; };
		CDFB44782708A291005F76CA /* Assets.xcassets */ = {isa = PBXFileReference; lastKnownFileType = folder.assetcatalog; path = Assets.xcassets; sourceTree = "<group>"; };
		CDFB447B2708A291005F76CA /* Preview Assets.xcassets */ = {isa = PBXFileReference; lastKnownFileType = folder.assetcatalog; path = "Preview Assets.xcassets"; sourceTree = "<group>"; };
		CDFB447D2708A291005F76CA /* MyRecipeApp_macOS.entitlements */ = {isa = PBXFileReference; lastKnownFileType = text.plist.entitlements; path = MyRecipeApp_macOS.entitlements; sourceTree = "<group>"; };
		CDFB44832708A2C0005F76CA /* Recipe.swift */ = {isa = PBXFileReference; lastKnownFileType = sourcecode.swift; path = Recipe.swift; sourceTree = "<group>"; };
		CDFB44862708A568005F76CA /* Preview Assets.xcassets */ = {isa = PBXFileReference; lastKnownFileType = folder.assetcatalog; path = "Preview Assets.xcassets"; sourceTree = "<group>"; };
		CDFB448B2708AA00005F76CA /* RatingView.swift */ = {isa = PBXFileReference; lastKnownFileType = sourcecode.swift; path = RatingView.swift; sourceTree = "<group>"; };
		CDFB448E2708AB71005F76CA /* RecipeListView.swift */ = {isa = PBXFileReference; lastKnownFileType = sourcecode.swift; path = RecipeListView.swift; sourceTree = "<group>"; };
		CDFB44932708B720005F76CA /* RecipeDetailView.swift */ = {isa = PBXFileReference; lastKnownFileType = sourcecode.swift; path = RecipeDetailView.swift; sourceTree = "<group>"; };
/* End PBXFileReference section */

/* Begin PBXFrameworksBuildPhase section */
		CDFB445C2708A26A005F76CA /* Frameworks */ = {
			isa = PBXFrameworksBuildPhase;
			buildActionMask = 2147483647;
			files = (
			);
			runOnlyForDeploymentPostprocessing = 0;
		};
		CDFB446F2708A28E005F76CA /* Frameworks */ = {
			isa = PBXFrameworksBuildPhase;
			buildActionMask = 2147483647;
			files = (
			);
			runOnlyForDeploymentPostprocessing = 0;
		};
/* End PBXFrameworksBuildPhase section */

/* Begin PBXGroup section */
		CDFB44542708A229005F76CA = {
			isa = PBXGroup;
			children = (
				CDFB44812708A29B005F76CA /* Shared */,
				CDFB44612708A26A005F76CA /* MyRecipeApp-iOS */,
				CDFB44732708A28E005F76CA /* MyRecipeApp-macOS */,
				CDFB44602708A26A005F76CA /* Products */,
			);
			sourceTree = "<group>";
		};
		CDFB44602708A26A005F76CA /* Products */ = {
			isa = PBXGroup;
			children = (
				CDFB445F2708A26A005F76CA /* MyRecipeApp-iOS.app */,
				CDFB44722708A28E005F76CA /* MyRecipeApp-macOS.app */,
			);
			name = Products;
			sourceTree = "<group>";
		};
		CDFB44612708A26A005F76CA /* MyRecipeApp-iOS */ = {
			isa = PBXGroup;
			children = (
				CDFB44912708AE96005F76CA /* Screens */,
				CDFB44622708A26A005F76CA /* MyRecipeApp_iOSApp.swift */,
				CDFB44662708A26C005F76CA /* Assets.xcassets */,
				CDFB44682708A26C005F76CA /* Preview Content */,
			);
			path = "MyRecipeApp-iOS";
			sourceTree = "<group>";
		};
		CDFB44682708A26C005F76CA /* Preview Content */ = {
			isa = PBXGroup;
			children = (
				CDFB44692708A26C005F76CA /* Preview Assets.xcassets */,
			);
			path = "Preview Content";
			sourceTree = "<group>";
		};
		CDFB44732708A28E005F76CA /* MyRecipeApp-macOS */ = {
			isa = PBXGroup;
			children = (
				CDFB44922708B0CB005F76CA /* Screens */,
				CDFB44742708A28E005F76CA /* MyRecipeApp_macOSApp.swift */,
				CDFB44782708A291005F76CA /* Assets.xcassets */,
				CDFB447D2708A291005F76CA /* MyRecipeApp_macOS.entitlements */,
				CDFB447A2708A291005F76CA /* Preview Content */,
			);
			path = "MyRecipeApp-macOS";
			sourceTree = "<group>";
		};
		CDFB447A2708A291005F76CA /* Preview Content */ = {
			isa = PBXGroup;
			children = (
				CDFB447B2708A291005F76CA /* Preview Assets.xcassets */,
			);
			path = "Preview Content";
			sourceTree = "<group>";
		};
		CDFB44812708A29B005F76CA /* Shared */ = {
			isa = PBXGroup;
			children = (
				CDFB448A2708A9BE005F76CA /* Views */,
				CDFB44852708A4E6005F76CA /* Preview Content */,
				CDFB44822708A2A7005F76CA /* Models */,
			);
			path = Shared;
			sourceTree = "<group>";
		};
		CDFB44822708A2A7005F76CA /* Models */ = {
			isa = PBXGroup;
			children = (
				CDFB44832708A2C0005F76CA /* Recipe.swift */,
			);
			path = Models;
			sourceTree = "<group>";
		};
		CDFB44852708A4E6005F76CA /* Preview Content */ = {
			isa = PBXGroup;
			children = (
				CDFB44862708A568005F76CA /* Preview Assets.xcassets */,
			);
			path = "Preview Content";
			sourceTree = "<group>";
		};
		CDFB448A2708A9BE005F76CA /* Views */ = {
			isa = PBXGroup;
			children = (
				CDFB448B2708AA00005F76CA /* RatingView.swift */,
				CDFB448E2708AB71005F76CA /* RecipeListView.swift */,
				CDFB44932708B720005F76CA /* RecipeDetailView.swift */,
			);
			path = Views;
			sourceTree = "<group>";
		};
		CDFB44912708AE96005F76CA /* Screens */ = {
			isa = PBXGroup;
			children = (
				CDFB44642708A26A005F76CA /* ContentView.swift */,
			);
			path = Screens;
			sourceTree = "<group>";
		};
		CDFB44922708B0CB005F76CA /* Screens */ = {
			isa = PBXGroup;
			children = (
				CDFB44762708A28E005F76CA /* ContentView.swift */,
			);
			path = Screens;
			sourceTree = "<group>";
		};
/* End PBXGroup section */

/* Begin PBXNativeTarget section */
		CDFB445E2708A26A005F76CA /* MyRecipeApp-iOS */ = {
			isa = PBXNativeTarget;
			buildConfigurationList = CDFB446B2708A26C005F76CA /* Build configuration list for PBXNativeTarget "MyRecipeApp-iOS" */;
			buildPhases = (
				CDFB445B2708A26A005F76CA /* Sources */,
				CDFB445C2708A26A005F76CA /* Frameworks */,
				CDFB445D2708A26A005F76CA /* Resources */,
			);
			buildRules = (
			);
			dependencies = (
			);
			name = "MyRecipeApp-iOS";
			productName = "MyRecipeApp-iOS";
			productReference = CDFB445F2708A26A005F76CA /* MyRecipeApp-iOS.app */;
			productType = "com.apple.product-type.application";
		};
		CDFB44712708A28E005F76CA /* MyRecipeApp-macOS */ = {
			isa = PBXNativeTarget;
			buildConfigurationList = CDFB447E2708A291005F76CA /* Build configuration list for PBXNativeTarget "MyRecipeApp-macOS" */;
			buildPhases = (
				CDFB446E2708A28E005F76CA /* Sources */,
				CDFB446F2708A28E005F76CA /* Frameworks */,
				CDFB44702708A28E005F76CA /* Resources */,
			);
			buildRules = (
			);
			dependencies = (
			);
			name = "MyRecipeApp-macOS";
			productName = "MyRecipeApp-macOS";
			productReference = CDFB44722708A28E005F76CA /* MyRecipeApp-macOS.app */;
			productType = "com.apple.product-type.application";
		};
/* End PBXNativeTarget section */

/* Begin PBXProject section */
		CDFB44552708A229005F76CA /* Project object */ = {
			isa = PBXProject;
			attributes = {
				BuildIndependentTargetsInParallel = 1;
				LastSwiftUpdateCheck = 1300;
				LastUpgradeCheck = 1300;
				TargetAttributes = {
					CDFB445E2708A26A005F76CA = {
						CreatedOnToolsVersion = 13.0;
					};
					CDFB44712708A28E005F76CA = {
						CreatedOnToolsVersion = 13.0;
					};
				};
			};
			buildConfigurationList = CDFB44582708A229005F76CA /* Build configuration list for PBXProject "MyRecipeApp" */;
			compatibilityVersion = "Xcode 13.0";
			developmentRegion = en;
			hasScannedForEncodings = 0;
			knownRegions = (
				en,
				Base,
			);
			mainGroup = CDFB44542708A229005F76CA;
			productRefGroup = CDFB44602708A26A005F76CA /* Products */;
			projectDirPath = "";
			projectRoot = "";
			targets = (
				CDFB445E2708A26A005F76CA /* MyRecipeApp-iOS */,
				CDFB44712708A28E005F76CA /* MyRecipeApp-macOS */,
			);
		};
/* End PBXProject section */

/* Begin PBXResourcesBuildPhase section */
		CDFB445D2708A26A005F76CA /* Resources */ = {
			isa = PBXResourcesBuildPhase;
			buildActionMask = 2147483647;
			files = (
				CDFB446A2708A26C005F76CA /* Preview Assets.xcassets in Resources */,
				CDFB44872708A568005F76CA /* Preview Assets.xcassets in Resources */,
				CDFB44672708A26C005F76CA /* Assets.xcassets in Resources */,
			);
			runOnlyForDeploymentPostprocessing = 0;
		};
		CDFB44702708A28E005F76CA /* Resources */ = {
			isa = PBXResourcesBuildPhase;
			buildActionMask = 2147483647;
			files = (
				CDFB447C2708A291005F76CA /* Preview Assets.xcassets in Resources */,
				CDFB44882708A568005F76CA /* Preview Assets.xcassets in Resources */,
				CDFB44792708A291005F76CA /* Assets.xcassets in Resources */,
			);
			runOnlyForDeploymentPostprocessing = 0;
		};
/* End PBXResourcesBuildPhase section */

/* Begin PBXSourcesBuildPhase section */
		CDFB445B2708A26A005F76CA /* Sources */ = {
			isa = PBXSourcesBuildPhase;
			buildActionMask = 2147483647;
			files = (
				CDFB44842708A2C0005F76CA /* Recipe.swift in Sources */,
				CDFB44942708B720005F76CA /* RecipeDetailView.swift in Sources */,
				CDFB44652708A26A005F76CA /* ContentView.swift in Sources */,
				CDFB448F2708AB71005F76CA /* RecipeListView.swift in Sources */,
				CDFB44632708A26A005F76CA /* MyRecipeApp_iOSApp.swift in Sources */,
				CDFB448C2708AA00005F76CA /* RatingView.swift in Sources */,
			);
			runOnlyForDeploymentPostprocessing = 0;
		};
		CDFB446E2708A28E005F76CA /* Sources */ = {
			isa = PBXSourcesBuildPhase;
			buildActionMask = 2147483647;
			files = (
				CDFB44892708A99D005F76CA /* Recipe.swift in Sources */,
				CDFB44952708B720005F76CA /* RecipeDetailView.swift in Sources */,
				CDFB44772708A28E005F76CA /* ContentView.swift in Sources */,
				CDFB44902708AB71005F76CA /* RecipeListView.swift in Sources */,
				CDFB44752708A28E005F76CA /* MyRecipeApp_macOSApp.swift in Sources */,
				CDFB448D2708AA00005F76CA /* RatingView.swift in Sources */,
			);
			runOnlyForDeploymentPostprocessing = 0;
		};
/* End PBXSourcesBuildPhase section */

/* Begin XCBuildConfiguration section */
		CDFB44592708A229005F76CA /* Debug */ = {
			isa = XCBuildConfiguration;
			buildSettings = {
			};
			name = Debug;
		};
		CDFB445A2708A229005F76CA /* Release */ = {
			isa = XCBuildConfiguration;
			buildSettings = {
			};
			name = Release;
		};
		CDFB446C2708A26C005F76CA /* Debug */ = {
			isa = XCBuildConfiguration;
			buildSettings = {
				ALWAYS_SEARCH_USER_PATHS = NO;
				ASSETCATALOG_COMPILER_APPICON_NAME = AppIcon;
				ASSETCATALOG_COMPILER_GLOBAL_ACCENT_COLOR_NAME = AccentColor;
				CLANG_ANALYZER_NONNULL = YES;
				CLANG_ANALYZER_NUMBER_OBJECT_CONVERSION = YES_AGGRESSIVE;
				CLANG_CXX_LANGUAGE_STANDARD = "gnu++17";
				CLANG_CXX_LIBRARY = "libc++";
				CLANG_ENABLE_MODULES = YES;
				CLANG_ENABLE_OBJC_ARC = YES;
				CLANG_ENABLE_OBJC_WEAK = YES;
				CLANG_WARN_BLOCK_CAPTURE_AUTORELEASING = YES;
				CLANG_WARN_BOOL_CONVERSION = YES;
				CLANG_WARN_COMMA = YES;
				CLANG_WARN_CONSTANT_CONVERSION = YES;
				CLANG_WARN_DEPRECATED_OBJC_IMPLEMENTATIONS = YES;
				CLANG_WARN_DIRECT_OBJC_ISA_USAGE = YES_ERROR;
				CLANG_WARN_DOCUMENTATION_COMMENTS = YES;
				CLANG_WARN_EMPTY_BODY = YES;
				CLANG_WARN_ENUM_CONVERSION = YES;
				CLANG_WARN_INFINITE_RECURSION = YES;
				CLANG_WARN_INT_CONVERSION = YES;
				CLANG_WARN_NON_LITERAL_NULL_CONVERSION = YES;
				CLANG_WARN_OBJC_IMPLICIT_RETAIN_SELF = YES;
				CLANG_WARN_OBJC_LITERAL_CONVERSION = YES;
				CLANG_WARN_OBJC_ROOT_CLASS = YES_ERROR;
				CLANG_WARN_QUOTED_INCLUDE_IN_FRAMEWORK_HEADER = YES;
				CLANG_WARN_RANGE_LOOP_ANALYSIS = YES;
				CLANG_WARN_STRICT_PROTOTYPES = YES;
				CLANG_WARN_SUSPICIOUS_MOVE = YES;
				CLANG_WARN_UNGUARDED_AVAILABILITY = YES_AGGRESSIVE;
				CLANG_WARN_UNREACHABLE_CODE = YES;
				CLANG_WARN__DUPLICATE_METHOD_MATCH = YES;
				CODE_SIGN_STYLE = Automatic;
				COPY_PHASE_STRIP = NO;
				CURRENT_PROJECT_VERSION = 1;
				DEBUG_INFORMATION_FORMAT = dwarf;
				DEVELOPMENT_ASSET_PATHS = "\"MyRecipeApp-iOS/Preview Content\"";
				DEVELOPMENT_TEAM = 693P93E2N6;
				ENABLE_PREVIEWS = YES;
				ENABLE_STRICT_OBJC_MSGSEND = YES;
				ENABLE_TESTABILITY = YES;
				GCC_C_LANGUAGE_STANDARD = gnu11;
				GCC_DYNAMIC_NO_PIC = NO;
				GCC_NO_COMMON_BLOCKS = YES;
				GCC_OPTIMIZATION_LEVEL = 0;
				GCC_PREPROCESSOR_DEFINITIONS = (
					"DEBUG=1",
					"$(inherited)",
				);
				GCC_WARN_64_TO_32_BIT_CONVERSION = YES;
				GCC_WARN_ABOUT_RETURN_TYPE = YES_ERROR;
				GCC_WARN_UNDECLARED_SELECTOR = YES;
				GCC_WARN_UNINITIALIZED_AUTOS = YES_AGGRESSIVE;
				GCC_WARN_UNUSED_FUNCTION = YES;
				GCC_WARN_UNUSED_VARIABLE = YES;
				GENERATE_INFOPLIST_FILE = YES;
				INFOPLIST_KEY_UIApplicationSceneManifest_Generation = YES;
				INFOPLIST_KEY_UIApplicationSupportsIndirectInputEvents = YES;
				INFOPLIST_KEY_UILaunchScreen_Generation = YES;
				INFOPLIST_KEY_UISupportedInterfaceOrientations_iPad = "UIInterfaceOrientationPortrait UIInterfaceOrientationPortraitUpsideDown UIInterfaceOrientationLandscapeLeft UIInterfaceOrientationLandscapeRight";
				INFOPLIST_KEY_UISupportedInterfaceOrientations_iPhone = "UIInterfaceOrientationPortrait UIInterfaceOrientationLandscapeLeft UIInterfaceOrientationLandscapeRight";
				IPHONEOS_DEPLOYMENT_TARGET = 15.0;
				LD_RUNPATH_SEARCH_PATHS = (
					"$(inherited)",
					"@executable_path/Frameworks",
				);
				MARKETING_VERSION = 1.0;
				MTL_ENABLE_DEBUG_INFO = INCLUDE_SOURCE;
				MTL_FAST_MATH = YES;
				ONLY_ACTIVE_ARCH = YES;
				PRODUCT_BUNDLE_IDENTIFIER = "com.trueddn.homenano.MyRecipeApp-iOS";
				PRODUCT_NAME = "$(TARGET_NAME)";
				SDKROOT = iphoneos;
				SWIFT_ACTIVE_COMPILATION_CONDITIONS = DEBUG;
				SWIFT_EMIT_LOC_STRINGS = YES;
				SWIFT_OPTIMIZATION_LEVEL = "-Onone";
				SWIFT_VERSION = 5.0;
				TARGETED_DEVICE_FAMILY = "1,2";
			};
			name = Debug;
		};
		CDFB446D2708A26C005F76CA /* Release */ = {
			isa = XCBuildConfiguration;
			buildSettings = {
				ALWAYS_SEARCH_USER_PATHS = NO;
				ASSETCATALOG_COMPILER_APPICON_NAME = AppIcon;
				ASSETCATALOG_COMPILER_GLOBAL_ACCENT_COLOR_NAME = AccentColor;
				CLANG_ANALYZER_NONNULL = YES;
				CLANG_ANALYZER_NUMBER_OBJECT_CONVERSION = YES_AGGRESSIVE;
				CLANG_CXX_LANGUAGE_STANDARD = "gnu++17";
				CLANG_CXX_LIBRARY = "libc++";
				CLANG_ENABLE_MODULES = YES;
				CLANG_ENABLE_OBJC_ARC = YES;
				CLANG_ENABLE_OBJC_WEAK = YES;
				CLANG_WARN_BLOCK_CAPTURE_AUTORELEASING = YES;
				CLANG_WARN_BOOL_CONVERSION = YES;
				CLANG_WARN_COMMA = YES;
				CLANG_WARN_CONSTANT_CONVERSION = YES;
				CLANG_WARN_DEPRECATED_OBJC_IMPLEMENTATIONS = YES;
				CLANG_WARN_DIRECT_OBJC_ISA_USAGE = YES_ERROR;
				CLANG_WARN_DOCUMENTATION_COMMENTS = YES;
				CLANG_WARN_EMPTY_BODY = YES;
				CLANG_WARN_ENUM_CONVERSION = YES;
				CLANG_WARN_INFINITE_RECURSION = YES;
				CLANG_WARN_INT_CONVERSION = YES;
				CLANG_WARN_NON_LITERAL_NULL_CONVERSION = YES;
				CLANG_WARN_OBJC_IMPLICIT_RETAIN_SELF = YES;
				CLANG_WARN_OBJC_LITERAL_CONVERSION = YES;
				CLANG_WARN_OBJC_ROOT_CLASS = YES_ERROR;
				CLANG_WARN_QUOTED_INCLUDE_IN_FRAMEWORK_HEADER = YES;
				CLANG_WARN_RANGE_LOOP_ANALYSIS = YES;
				CLANG_WARN_STRICT_PROTOTYPES = YES;
				CLANG_WARN_SUSPICIOUS_MOVE = YES;
				CLANG_WARN_UNGUARDED_AVAILABILITY = YES_AGGRESSIVE;
				CLANG_WARN_UNREACHABLE_CODE = YES;
				CLANG_WARN__DUPLICATE_METHOD_MATCH = YES;
				CODE_SIGN_STYLE = Automatic;
				COPY_PHASE_STRIP = NO;
				CURRENT_PROJECT_VERSION = 1;
				DEBUG_INFORMATION_FORMAT = "dwarf-with-dsym";
				DEVELOPMENT_ASSET_PATHS = "\"MyRecipeApp-iOS/Preview Content\"";
				DEVELOPMENT_TEAM = 693P93E2N6;
				ENABLE_NS_ASSERTIONS = NO;
				ENABLE_PREVIEWS = YES;
				ENABLE_STRICT_OBJC_MSGSEND = YES;
				GCC_C_LANGUAGE_STANDARD = gnu11;
				GCC_NO_COMMON_BLOCKS = YES;
				GCC_WARN_64_TO_32_BIT_CONVERSION = YES;
				GCC_WARN_ABOUT_RETURN_TYPE = YES_ERROR;
				GCC_WARN_UNDECLARED_SELECTOR = YES;
				GCC_WARN_UNINITIALIZED_AUTOS = YES_AGGRESSIVE;
				GCC_WARN_UNUSED_FUNCTION = YES;
				GCC_WARN_UNUSED_VARIABLE = YES;
				GENERATE_INFOPLIST_FILE = YES;
				INFOPLIST_KEY_UIApplicationSceneManifest_Generation = YES;
				INFOPLIST_KEY_UIApplicationSupportsIndirectInputEvents = YES;
				INFOPLIST_KEY_UILaunchScreen_Generation = YES;
				INFOPLIST_KEY_UISupportedInterfaceOrientations_iPad = "UIInterfaceOrientationPortrait UIInterfaceOrientationPortraitUpsideDown UIInterfaceOrientationLandscapeLeft UIInterfaceOrientationLandscapeRight";
				INFOPLIST_KEY_UISupportedInterfaceOrientations_iPhone = "UIInterfaceOrientationPortrait UIInterfaceOrientationLandscapeLeft UIInterfaceOrientationLandscapeRight";
				IPHONEOS_DEPLOYMENT_TARGET = 15.0;
				LD_RUNPATH_SEARCH_PATHS = (
					"$(inherited)",
					"@executable_path/Frameworks",
				);
				MARKETING_VERSION = 1.0;
				MTL_ENABLE_DEBUG_INFO = NO;
				MTL_FAST_MATH = YES;
				PRODUCT_BUNDLE_IDENTIFIER = "com.trueddn.homenano.MyRecipeApp-iOS";
				PRODUCT_NAME = "$(TARGET_NAME)";
				SDKROOT = iphoneos;
				SWIFT_COMPILATION_MODE = wholemodule;
				SWIFT_EMIT_LOC_STRINGS = YES;
				SWIFT_OPTIMIZATION_LEVEL = "-O";
				SWIFT_VERSION = 5.0;
				TARGETED_DEVICE_FAMILY = "1,2";
				VALIDATE_PRODUCT = YES;
			};
			name = Release;
		};
		CDFB447F2708A291005F76CA /* Debug */ = {
			isa = XCBuildConfiguration;
			buildSettings = {
				ALWAYS_SEARCH_USER_PATHS = NO;
				ASSETCATALOG_COMPILER_APPICON_NAME = AppIcon;
				ASSETCATALOG_COMPILER_GLOBAL_ACCENT_COLOR_NAME = AccentColor;
				CLANG_ANALYZER_NONNULL = YES;
				CLANG_ANALYZER_NUMBER_OBJECT_CONVERSION = YES_AGGRESSIVE;
				CLANG_CXX_LANGUAGE_STANDARD = "gnu++17";
				CLANG_CXX_LIBRARY = "libc++";
				CLANG_ENABLE_MODULES = YES;
				CLANG_ENABLE_OBJC_ARC = YES;
				CLANG_ENABLE_OBJC_WEAK = YES;
				CLANG_WARN_BLOCK_CAPTURE_AUTORELEASING = YES;
				CLANG_WARN_BOOL_CONVERSION = YES;
				CLANG_WARN_COMMA = YES;
				CLANG_WARN_CONSTANT_CONVERSION = YES;
				CLANG_WARN_DEPRECATED_OBJC_IMPLEMENTATIONS = YES;
				CLANG_WARN_DIRECT_OBJC_ISA_USAGE = YES_ERROR;
				CLANG_WARN_DOCUMENTATION_COMMENTS = YES;
				CLANG_WARN_EMPTY_BODY = YES;
				CLANG_WARN_ENUM_CONVERSION = YES;
				CLANG_WARN_INFINITE_RECURSION = YES;
				CLANG_WARN_INT_CONVERSION = YES;
				CLANG_WARN_NON_LITERAL_NULL_CONVERSION = YES;
				CLANG_WARN_OBJC_IMPLICIT_RETAIN_SELF = YES;
				CLANG_WARN_OBJC_LITERAL_CONVERSION = YES;
				CLANG_WARN_OBJC_ROOT_CLASS = YES_ERROR;
				CLANG_WARN_QUOTED_INCLUDE_IN_FRAMEWORK_HEADER = YES;
				CLANG_WARN_RANGE_LOOP_ANALYSIS = YES;
				CLANG_WARN_STRICT_PROTOTYPES = YES;
				CLANG_WARN_SUSPICIOUS_MOVE = YES;
				CLANG_WARN_UNGUARDED_AVAILABILITY = YES_AGGRESSIVE;
				CLANG_WARN_UNREACHABLE_CODE = YES;
				CLANG_WARN__DUPLICATE_METHOD_MATCH = YES;
				CODE_SIGN_ENTITLEMENTS = "MyRecipeApp-macOS/MyRecipeApp_macOS.entitlements";
				CODE_SIGN_STYLE = Automatic;
				COMBINE_HIDPI_IMAGES = YES;
				COPY_PHASE_STRIP = NO;
				CURRENT_PROJECT_VERSION = 1;
				DEBUG_INFORMATION_FORMAT = dwarf;
				DEVELOPMENT_ASSET_PATHS = "\"MyRecipeApp-macOS/Preview Content\"";
				DEVELOPMENT_TEAM = 693P93E2N6;
				ENABLE_HARDENED_RUNTIME = YES;
				ENABLE_PREVIEWS = YES;
				ENABLE_STRICT_OBJC_MSGSEND = YES;
				ENABLE_TESTABILITY = YES;
				GCC_C_LANGUAGE_STANDARD = gnu11;
				GCC_DYNAMIC_NO_PIC = NO;
				GCC_NO_COMMON_BLOCKS = YES;
				GCC_OPTIMIZATION_LEVEL = 0;
				GCC_PREPROCESSOR_DEFINITIONS = (
					"DEBUG=1",
					"$(inherited)",
				);
				GCC_WARN_64_TO_32_BIT_CONVERSION = YES;
				GCC_WARN_ABOUT_RETURN_TYPE = YES_ERROR;
				GCC_WARN_UNDECLARED_SELECTOR = YES;
				GCC_WARN_UNINITIALIZED_AUTOS = YES_AGGRESSIVE;
				GCC_WARN_UNUSED_FUNCTION = YES;
				GCC_WARN_UNUSED_VARIABLE = YES;
				GENERATE_INFOPLIST_FILE = YES;
				INFOPLIST_KEY_NSHumanReadableCopyright = "";
				LD_RUNPATH_SEARCH_PATHS = (
					"$(inherited)",
					"@executable_path/../Frameworks",
				);
				MACOSX_DEPLOYMENT_TARGET = 11.3;
				MARKETING_VERSION = 1.0;
				MTL_ENABLE_DEBUG_INFO = INCLUDE_SOURCE;
				MTL_FAST_MATH = YES;
				ONLY_ACTIVE_ARCH = YES;
				PRODUCT_BUNDLE_IDENTIFIER = "com.trueddn.homenano.MyRecipeApp-macOS";
				PRODUCT_NAME = "$(TARGET_NAME)";
				SDKROOT = macosx;
				SWIFT_ACTIVE_COMPILATION_CONDITIONS = DEBUG;
				SWIFT_EMIT_LOC_STRINGS = YES;
				SWIFT_OPTIMIZATION_LEVEL = "-Onone";
				SWIFT_VERSION = 5.0;
			};
			name = Debug;
		};
		CDFB44802708A291005F76CA /* Release */ = {
			isa = XCBuildConfiguration;
			buildSettings = {
				ALWAYS_SEARCH_USER_PATHS = NO;
				ASSETCATALOG_COMPILER_APPICON_NAME = AppIcon;
				ASSETCATALOG_COMPILER_GLOBAL_ACCENT_COLOR_NAME = AccentColor;
				CLANG_ANALYZER_NONNULL = YES;
				CLANG_ANALYZER_NUMBER_OBJECT_CONVERSION = YES_AGGRESSIVE;
				CLANG_CXX_LANGUAGE_STANDARD = "gnu++17";
				CLANG_CXX_LIBRARY = "libc++";
				CLANG_ENABLE_MODULES = YES;
				CLANG_ENABLE_OBJC_ARC = YES;
				CLANG_ENABLE_OBJC_WEAK = YES;
				CLANG_WARN_BLOCK_CAPTURE_AUTORELEASING = YES;
				CLANG_WARN_BOOL_CONVERSION = YES;
				CLANG_WARN_COMMA = YES;
				CLANG_WARN_CONSTANT_CONVERSION = YES;
				CLANG_WARN_DEPRECATED_OBJC_IMPLEMENTATIONS = YES;
				CLANG_WARN_DIRECT_OBJC_ISA_USAGE = YES_ERROR;
				CLANG_WARN_DOCUMENTATION_COMMENTS = YES;
				CLANG_WARN_EMPTY_BODY = YES;
				CLANG_WARN_ENUM_CONVERSION = YES;
				CLANG_WARN_INFINITE_RECURSION = YES;
				CLANG_WARN_INT_CONVERSION = YES;
				CLANG_WARN_NON_LITERAL_NULL_CONVERSION = YES;
				CLANG_WARN_OBJC_IMPLICIT_RETAIN_SELF = YES;
				CLANG_WARN_OBJC_LITERAL_CONVERSION = YES;
				CLANG_WARN_OBJC_ROOT_CLASS = YES_ERROR;
				CLANG_WARN_QUOTED_INCLUDE_IN_FRAMEWORK_HEADER = YES;
				CLANG_WARN_RANGE_LOOP_ANALYSIS = YES;
				CLANG_WARN_STRICT_PROTOTYPES = YES;
				CLANG_WARN_SUSPICIOUS_MOVE = YES;
				CLANG_WARN_UNGUARDED_AVAILABILITY = YES_AGGRESSIVE;
				CLANG_WARN_UNREACHABLE_CODE = YES;
				CLANG_WARN__DUPLICATE_METHOD_MATCH = YES;
				CODE_SIGN_ENTITLEMENTS = "MyRecipeApp-macOS/MyRecipeApp_macOS.entitlements";
				CODE_SIGN_STYLE = Automatic;
				COMBINE_HIDPI_IMAGES = YES;
				COPY_PHASE_STRIP = NO;
				CURRENT_PROJECT_VERSION = 1;
				DEBUG_INFORMATION_FORMAT = "dwarf-with-dsym";
				DEVELOPMENT_ASSET_PATHS = "\"MyRecipeApp-macOS/Preview Content\"";
				DEVELOPMENT_TEAM = 693P93E2N6;
				ENABLE_HARDENED_RUNTIME = YES;
				ENABLE_NS_ASSERTIONS = NO;
				ENABLE_PREVIEWS = YES;
				ENABLE_STRICT_OBJC_MSGSEND = YES;
				GCC_C_LANGUAGE_STANDARD = gnu11;
				GCC_NO_COMMON_BLOCKS = YES;
				GCC_WARN_64_TO_32_BIT_CONVERSION = YES;
				GCC_WARN_ABOUT_RETURN_TYPE = YES_ERROR;
				GCC_WARN_UNDECLARED_SELECTOR = YES;
				GCC_WARN_UNINITIALIZED_AUTOS = YES_AGGRESSIVE;
				GCC_WARN_UNUSED_FUNCTION = YES;
				GCC_WARN_UNUSED_VARIABLE = YES;
				GENERATE_INFOPLIST_FILE = YES;
				INFOPLIST_KEY_NSHumanReadableCopyright = "";
				LD_RUNPATH_SEARCH_PATHS = (
					"$(inherited)",
					"@executable_path/../Frameworks",
				);
				MACOSX_DEPLOYMENT_TARGET = 11.3;
				MARKETING_VERSION = 1.0;
				MTL_ENABLE_DEBUG_INFO = NO;
				MTL_FAST_MATH = YES;
				PRODUCT_BUNDLE_IDENTIFIER = "com.trueddn.homenano.MyRecipeApp-macOS";
				PRODUCT_NAME = "$(TARGET_NAME)";
				SDKROOT = macosx;
				SWIFT_COMPILATION_MODE = wholemodule;
				SWIFT_EMIT_LOC_STRINGS = YES;
				SWIFT_OPTIMIZATION_LEVEL = "-O";
				SWIFT_VERSION = 5.0;
			};
			name = Release;
		};
/* End XCBuildConfiguration section */

/* Begin XCConfigurationList section */
		CDFB44582708A229005F76CA /* Build configuration list for PBXProject "MyRecipeApp" */ = {
			isa = XCConfigurationList;
			buildConfigurations = (
				CDFB44592708A229005F76CA /* Debug */,
				CDFB445A2708A229005F76CA /* Release */,
			);
			defaultConfigurationIsVisible = 0;
			defaultConfigurationName = Release;
		};
		CDFB446B2708A26C005F76CA /* Build configuration list for PBXNativeTarget "MyRecipeApp-iOS" */ = {
			isa = XCConfigurationList;
			buildConfigurations = (
				CDFB446C2708A26C005F76CA /* Debug */,
				CDFB446D2708A26C005F76CA /* Release */,
			);
			defaultConfigurationIsVisible = 0;
			defaultConfigurationName = Release;
		};
		CDFB447E2708A291005F76CA /* Build configuration list for PBXNativeTarget "MyRecipeApp-macOS" */ = {
			isa = XCConfigurationList;
			buildConfigurations = (
				CDFB447F2708A291005F76CA /* Debug */,
				CDFB44802708A291005F76CA /* Release */,
			);
			defaultConfigurationIsVisible = 0;
			defaultConfigurationName = Release;
		};
/* End XCConfigurationList section */
	};
	rootObject = CDFB44552708A229005F76CA /* Project object */;
}
